
Microsoft Visual Studio Solution File, Format Version 12.00
# Visual Studio Version 16
VisualStudioVersion = 16.0.32228.343
MinimumVisualStudioVersion = 10.0.40219.1
Project("{FAE04EC0-301F-11D3-BF4B-00C04F79EFBC}") = "WindowsFormsApp1", "WindowsFormsApp1\WindowsFormsApp1.csproj", "{BA64F554-4016-45D0-846D-70413FFD86A4}"
EndProject
Global
	GlobalSection(SolutionConfigurationPlatforms) = preSolution
		Debug|Any CPU = Debug|Any CPU
		Release|Any CPU = Release|Any CPU
	EndGlobalSection
	GlobalSection(ProjectConfigurationPlatforms) = postSolution
		{BA64F554-4016-45D0-846D-70413FFD86A4}.Debug|Any CPU.ActiveCfg = Debug|Any CPU
		{BA64F554-4016-45D0-846D-70413FFD86A4}.Debug|Any CPU.Build.0 = Debug|Any CPU
		{BA64F554-4016-45D0-846D-70413FFD86A4}.Release|Any CPU.ActiveCfg = Release|Any CPU
		{BA64F554-4016-45D0-846D-70413FFD86A4}.Release|Any CPU.Build.0 = Release|Any CPU
	EndGlobalSection
	GlobalSection(SolutionProperties) = preSolution
		HideSolutionNode = FALSE
	EndGlobalSection
	GlobalSection(ExtensibilityGlobals) = postSolution
		SolutionGuid = {9E11CCAE-C296-4854-B22B-2B54CB78C1B4}
	EndGlobalSection
EndGlobal
